
Microsoft Visual Studio Solution File, Format Version 12.00
# Visual Studio Version 16
VisualStudioVersion = 16.0.31112.23
MinimumVisualStudioVersion = 10.0.40219.1
Project("{9A19103F-16F7-4668-BE54-9A1E7A4F7556}") = "Entity", "Entity\Entity.csproj", "{73FB13E8-8EB5-48DB-B68A-B8241DD44369}"
EndProject
Project("{9A19103F-16F7-4668-BE54-9A1E7A4F7556}") = "Business", "Business\Business.csproj", "{11213551-3625-4865-A570-2D1ED7173A40}"
EndProject
Project("{9A19103F-16F7-4668-BE54-9A1E7A4F7556}") = "DataAccess", "DataAccess\DataAccess.csproj", "{6DDCC4A9-B978-47BA-A695-669CF0C4F976}"
EndProject
Project("{9A19103F-16F7-4668-BE54-9A1E7A4F7556}") = "WebAPI", "WebAPI\WebAPI.csproj", "{AB1AF2F1-9EAD-4914-95D3-2AC73E564CC9}"
EndProject
Project("{9A19103F-16F7-4668-BE54-9A1E7A4F7556}") = "Core", "Core\Core.csproj", "{CF50AEB2-45A1-4F91-B0AE-0EBCFE47AD4E}"
EndProject
Global
	GlobalSection(SolutionConfigurationPlatforms) = preSolution
		Debug|Any CPU = Debug|Any CPU
		Release|Any CPU = Release|Any CPU
	EndGlobalSection
	GlobalSection(ProjectConfigurationPlatforms) = postSolution
		{73FB13E8-8EB5-48DB-B68A-B8241DD44369}.Debug|Any CPU.ActiveCfg = Debug|Any CPU
		{73FB13E8-8EB5-48DB-B68A-B8241DD44369}.Debug|Any CPU.Build.0 = Debug|Any CPU
		{73FB13E8-8EB5-48DB-B68A-B8241DD44369}.Release|Any CPU.ActiveCfg = Release|Any CPU
		{73FB13E8-8EB5-48DB-B68A-B8241DD44369}.Release|Any CPU.Build.0 = Release|Any CPU
		{11213551-3625-4865-A570-2D1ED7173A40}.Debug|Any CPU.ActiveCfg = Debug|Any CPU
		{11213551-3625-4865-A570-2D1ED7173A40}.Debug|Any CPU.Build.0 = Debug|Any CPU
		{11213551-3625-4865-A570-2D1ED7173A40}.Release|Any CPU.ActiveCfg = Release|Any CPU
		{11213551-3625-4865-A570-2D1ED7173A40}.Release|Any CPU.Build.0 = Release|Any CPU
		{6DDCC4A9-B978-47BA-A695-669CF0C4F976}.Debug|Any CPU.ActiveCfg = Debug|Any CPU
		{6DDCC4A9-B978-47BA-A695-669CF0C4F976}.Debug|Any CPU.Build.0 = Debug|Any CPU
		{6DDCC4A9-B978-47BA-A695-669CF0C4F976}.Release|Any CPU.ActiveCfg = Release|Any CPU
		{6DDCC4A9-B978-47BA-A695-669CF0C4F976}.Release|Any CPU.Build.0 = Release|Any CPU
		{AB1AF2F1-9EAD-4914-95D3-2AC73E564CC9}.Debug|Any CPU.ActiveCfg = Debug|Any CPU
		{AB1AF2F1-9EAD-4914-95D3-2AC73E564CC9}.Debug|Any CPU.Build.0 = Debug|Any CPU
		{AB1AF2F1-9EAD-4914-95D3-2AC73E564CC9}.Release|Any CPU.ActiveCfg = Release|Any CPU
		{AB1AF2F1-9EAD-4914-95D3-2AC73E564CC9}.Release|Any CPU.Build.0 = Release|Any CPU
		{CF50AEB2-45A1-4F91-B0AE-0EBCFE47AD4E}.Debug|Any CPU.ActiveCfg = Debug|Any CPU
		{CF50AEB2-45A1-4F91-B0AE-0EBCFE47AD4E}.Debug|Any CPU.Build.0 = Debug|Any CPU
		{CF50AEB2-45A1-4F91-B0AE-0EBCFE47AD4E}.Release|Any CPU.ActiveCfg = Release|Any CPU
		{CF50AEB2-45A1-4F91-B0AE-0EBCFE47AD4E}.Release|Any CPU.Build.0 = Release|Any CPU
	EndGlobalSection
	GlobalSection(SolutionProperties) = preSolution
		HideSolutionNode = FALSE
	EndGlobalSection
	GlobalSection(ExtensibilityGlobals) = postSolution
		SolutionGuid = {C687481F-60FC-4A96-8B7B-178F2E50D5B7}
	EndGlobalSection
EndGlobal
